
Microsoft Visual Studio Solution File, Format Version 12.00
# Visual Studio Version 17
VisualStudioVersion = 17.14.37301.10 d17.14
MinimumVisualStudioVersion = 10.0.40219.1
Project("{FAE04EC0-301F-11D3-BF4B-00C04F79EFBC}") = "Exercicio6", "Exercicio6\Exercicio6.csproj", "{66EBF46B-554A-42F7-A3C3-19E1EA648346}"
EndProject
Global
	GlobalSection(SolutionConfigurationPlatforms) = preSolution
		Debug|Any CPU = Debug|Any CPU
		Release|Any CPU = Release|Any CPU
	EndGlobalSection
	GlobalSection(ProjectConfigurationPlatforms) = postSolution
		{66EBF46B-554A-42F7-A3C3-19E1EA648346}.Debug|Any CPU.ActiveCfg = Debug|Any CPU
		{66EBF46B-554A-42F7-A3C3-19E1EA648346}.Debug|Any CPU.Build.0 = Debug|Any CPU
		{66EBF46B-554A-42F7-A3C3-19E1EA648346}.Release|Any CPU.ActiveCfg = Release|Any CPU
		{66EBF46B-554A-42F7-A3C3-19E1EA648346}.Release|Any CPU.Build.0 = Release|Any CPU
	EndGlobalSection
	GlobalSection(SolutionProperties) = preSolution
		HideSolutionNode = FALSE
	EndGlobalSection
	GlobalSection(ExtensibilityGlobals) = postSolution
		SolutionGuid = {EDA3DEBC-2AC1-49FC-968F-91C067EB46DB}
	EndGlobalSection
EndGlobal
